
Microsoft Visual Studio Solution File, Format Version 12.00
# Visual Studio Version 16
VisualStudioVersion = 16.0.31729.503
MinimumVisualStudioVersion = 10.0.40219.1
Project("{9A19103F-16F7-4668-BE54-9A1E7A4F7556}") = "Day27IOAbook", "Day27IOAbook.csproj", "{56D64A41-3C12-4DA3-A655-D8278C490C2D}"
EndProject
Global
	GlobalSection(SolutionConfigurationPlatforms) = preSolution
		Debug|Any CPU = Debug|Any CPU
		Release|Any CPU = Release|Any CPU
	EndGlobalSection
	GlobalSection(ProjectConfigurationPlatforms) = postSolution
		{56D64A41-3C12-4DA3-A655-D8278C490C2D}.Debug|Any CPU.ActiveCfg = Debug|Any CPU
		{56D64A41-3C12-4DA3-A655-D8278C490C2D}.Debug|Any CPU.Build.0 = Debug|Any CPU
		{56D64A41-3C12-4DA3-A655-D8278C490C2D}.Release|Any CPU.ActiveCfg = Release|Any CPU
		{56D64A41-3C12-4DA3-A655-D8278C490C2D}.Release|Any CPU.Build.0 = Release|Any CPU
	EndGlobalSection
	GlobalSection(SolutionProperties) = preSolution
		HideSolutionNode = FALSE
	EndGlobalSection
	GlobalSection(ExtensibilityGlobals) = postSolution
		SolutionGuid = {F0C976DF-EEF5-4267-AB43-0314F666D9AB}
	EndGlobalSection
EndGlobal
