
Microsoft Visual Studio Solution File, Format Version 12.00
# Visual Studio Version 16
VisualStudioVersion = 16.0.31729.503
MinimumVisualStudioVersion = 10.0.40219.1
Project("{9A19103F-16F7-4668-BE54-9A1E7A4F7556}") = "AddressBookMain", "AddressBookMain.csproj", "{262E6DB0-9A9F-417D-A330-506F34B1034C}"
EndProject
Project("{FAE04EC0-301F-11D3-BF4B-00C04F79EFBC}") = "UC1", "..\UC1\UC1.csproj", "{56466AE6-14BC-46D6-A354-4F0A5D447C16}"
EndProject
Project("{FAE04EC0-301F-11D3-BF4B-00C04F79EFBC}") = "UC2", "..\UC2\UC2.csproj", "{18E6D48E-B5C4-4BD8-B41A-9F2433DC0553}"
EndProject
Global
	GlobalSection(SolutionConfigurationPlatforms) = preSolution
		Debug|Any CPU = Debug|Any CPU
		Release|Any CPU = Release|Any CPU
	EndGlobalSection
	GlobalSection(ProjectConfigurationPlatforms) = postSolution
		{262E6DB0-9A9F-417D-A330-506F34B1034C}.Debug|Any CPU.ActiveCfg = Debug|Any CPU
		{262E6DB0-9A9F-417D-A330-506F34B1034C}.Debug|Any CPU.Build.0 = Debug|Any CPU
		{262E6DB0-9A9F-417D-A330-506F34B1034C}.Release|Any CPU.ActiveCfg = Release|Any CPU
		{262E6DB0-9A9F-417D-A330-506F34B1034C}.Release|Any CPU.Build.0 = Release|Any CPU
		{56466AE6-14BC-46D6-A354-4F0A5D447C16}.Debug|Any CPU.ActiveCfg = Debug|Any CPU
		{56466AE6-14BC-46D6-A354-4F0A5D447C16}.Debug|Any CPU.Build.0 = Debug|Any CPU
		{56466AE6-14BC-46D6-A354-4F0A5D447C16}.Release|Any CPU.ActiveCfg = Release|Any CPU
		{56466AE6-14BC-46D6-A354-4F0A5D447C16}.Release|Any CPU.Build.0 = Release|Any CPU
		{18E6D48E-B5C4-4BD8-B41A-9F2433DC0553}.Debug|Any CPU.ActiveCfg = Debug|Any CPU
		{18E6D48E-B5C4-4BD8-B41A-9F2433DC0553}.Debug|Any CPU.Build.0 = Debug|Any CPU
		{18E6D48E-B5C4-4BD8-B41A-9F2433DC0553}.Release|Any CPU.ActiveCfg = Release|Any CPU
		{18E6D48E-B5C4-4BD8-B41A-9F2433DC0553}.Release|Any CPU.Build.0 = Release|Any CPU
	EndGlobalSection
	GlobalSection(SolutionProperties) = preSolution
		HideSolutionNode = FALSE
	EndGlobalSection
	GlobalSection(ExtensibilityGlobals) = postSolution
		SolutionGuid = {F8FCE1C4-D065-4569-B4C8-0AFEEF1FC867}
	EndGlobalSection
EndGlobal
