
Microsoft Visual Studio Solution File, Format Version 12.00
# Visual Studio Version 16
VisualStudioVersion = 16.0.31729.503
MinimumVisualStudioVersion = 10.0.40219.1
Project("{FAE04EC0-301F-11D3-BF4B-00C04F79EFBC}") = "AddressBookMain", "AddressBookMain.csproj", "{262E6DB0-9A9F-417D-A330-506F34B1034C}"
EndProject
Global
	GlobalSection(SolutionConfigurationPlatforms) = preSolution
		Debug|Any CPU = Debug|Any CPU
		Release|Any CPU = Release|Any CPU
	EndGlobalSection
	GlobalSection(ProjectConfigurationPlatforms) = postSolution
		{262E6DB0-9A9F-417D-A330-506F34B1034C}.Debug|Any CPU.ActiveCfg = Debug|Any CPU
		{262E6DB0-9A9F-417D-A330-506F34B1034C}.Debug|Any CPU.Build.0 = Debug|Any CPU
		{262E6DB0-9A9F-417D-A330-506F34B1034C}.Release|Any CPU.ActiveCfg = Release|Any CPU
		{262E6DB0-9A9F-417D-A330-506F34B1034C}.Release|Any CPU.Build.0 = Release|Any CPU
	EndGlobalSection
	GlobalSection(SolutionProperties) = preSolution
		HideSolutionNode = FALSE
	EndGlobalSection
	GlobalSection(ExtensibilityGlobals) = postSolution
		SolutionGuid = {F8FCE1C4-D065-4569-B4C8-0AFEEF1FC867}
	EndGlobalSection
EndGlobal
